// !$*UTF8*$!
{
	archiveVersion = 1;
	classes = {
	};
	objectVersion = 46;
	objects = {

/* Begin PBXBuildFile section */
		CBDC85EB1B842E36000F8176 /* main.m in Sources */ = {isa = PBXBuildFile; fileRef = CBDC85EA1B842E36000F8176 /* main.m */; };
		CBDC85EE1B842E36000F8176 /* AppDelegate.m in Sources */ = {isa = PBXBuildFile; fileRef = CBDC85ED1B842E36000F8176 /* AppDelegate.m */; };
		CBDC85F11B842E36000F8176 /* ViewController.m in Sources */ = {isa = PBXBuildFile; fileRef = CBDC85F01B842E36000F8176 /* ViewController.m */; };
		CBDC85F41B842E36000F8176 /* Main.storyboard in Resources */ = {isa = PBXBuildFile; fileRef = CBDC85F21B842E36000F8176 /* Main.storyboard */; };
		CBDC85F61B842E37000F8176 /* Images.xcassets in Resources */ = {isa = PBXBuildFile; fileRef = CBDC85F51B842E37000F8176 /* Images.xcassets */; };
		CBDC85F91B842E37000F8176 /* LaunchScreen.xib in Resources */ = {isa = PBXBuildFile; fileRef = CBDC85F71B842E37000F8176 /* LaunchScreen.xib */; };
		CBDC86051B842E37000F8176 /* TimeMovieTests.m in Sources */ = {isa = PBXBuildFile; fileRef = CBDC86041B842E37000F8176 /* TimeMovieTests.m */; };
/* End PBXBuildFile section */

/* Begin PBXContainerItemProxy section */
		CBDC85FF1B842E37000F8176 /* PBXContainerItemProxy */ = {
			isa = PBXContainerItemProxy;
			containerPortal = CBDC85DD1B842E36000F8176 /* Project object */;
			proxyType = 1;
			remoteGlobalIDString = CBDC85E41B842E36000F8176;
			remoteInfo = TimeMovie;
		};
/* End PBXContainerItemProxy section */

/* Begin PBXFileReference section */
		CBDC85E51B842E36000F8176 /* TimeMovie.app */ = {isa = PBXFileReference; explicitFileType = wrapper.application; includeInIndex = 0; path = TimeMovie.app; sourceTree = BUILT_PRODUCTS_DIR; };
		CBDC85E91B842E36000F8176 /* Info.plist */ = {isa = PBXFileReference; lastKnownFileType = text.plist.xml; path = Info.plist; sourceTree = "<group>"; };
		CBDC85EA1B842E36000F8176 /* main.m */ = {isa = PBXFileReference; lastKnownFileType = sourcecode.c.objc; path = main.m; sourceTree = "<group>"; };
		CBDC85EC1B842E36000F8176 /* AppDelegate.h */ = {isa = PBXFileReference; lastKnownFileType = sourcecode.c.h; path = AppDelegate.h; sourceTree = "<group>"; };
		CBDC85ED1B842E36000F8176 /* AppDelegate.m */ = {isa = PBXFileReference; lastKnownFileType = sourcecode.c.objc; path = AppDelegate.m; sourceTree = "<group>"; };
		CBDC85EF1B842E36000F8176 /* ViewController.h */ = {isa = PBXFileReference; lastKnownFileType = sourcecode.c.h; path = ViewController.h; sourceTree = "<group>"; };
		CBDC85F01B842E36000F8176 /* ViewController.m */ = {isa = PBXFileReference; lastKnownFileType = sourcecode.c.objc; path = ViewController.m; sourceTree = "<group>"; };
		CBDC85F31B842E36000F8176 /* Base */ = {isa = PBXFileReference; lastKnownFileType = file.storyboard; name = Base; path = Base.lproj/Main.storyboard; sourceTree = "<group>"; };
		CBDC85F51B842E37000F8176 /* Images.xcassets */ = {isa = PBXFileReference; lastKnownFileType = folder.assetcatalog; path = Images.xcassets; sourceTree = "<group>"; };
		CBDC85F81B842E37000F8176 /* Base */ = {isa = PBXFileReference; lastKnownFileType = file.xib; name = Base; path = Base.lproj/LaunchScreen.xib; sourceTree = "<group>"; };
		CBDC85FE1B842E37000F8176 /* TimeMovieTests.xctest */ = {isa = PBXFileReference; explicitFileType = wrapper.cfbundle; includeInIndex = 0; path = TimeMovieTests.xctest; sourceTree = BUILT_PRODUCTS_DIR; };
		CBDC86031B842E37000F8176 /* Info.plist */ = {isa = PBXFileReference; lastKnownFileType = text.plist.xml; path = Info.plist; sourceTree = "<group>"; };
		CBDC86041B842E37000F8176 /* TimeMovieTests.m */ = {isa = PBXFileReference; lastKnownFileType = sourcecode.c.objc; path = TimeMovieTests.m; sourceTree = "<group>"; };
/* End PBXFileReference section */

/* Begin PBXFrameworksBuildPhase section */
		CBDC85E21B842E36000F8176 /* Frameworks */ = {
			isa = PBXFrameworksBuildPhase;
			buildActionMask = 2147483647;
			files = (
			);
			runOnlyForDeploymentPostprocessing = 0;
		};
		CBDC85FB1B842E37000F8176 /* Frameworks */ = {
			isa = PBXFrameworksBuildPhase;
			buildActionMask = 2147483647;
			files = (
			);
			runOnlyForDeploymentPostprocessing = 0;
		};
/* End PBXFrameworksBuildPhase section */

/* Begin PBXGroup section */
		CBDC85DC1B842E36000F8176 = {
			isa = PBXGroup;
			children = (
				CBDC85E71B842E36000F8176 /* TimeMovie */,
				CBDC86011B842E37000F8176 /* TimeMovieTests */,
				CBDC85E61B842E36000F8176 /* Products */,
			);
			sourceTree = "<group>";
		};
		CBDC85E61B842E36000F8176 /* Products */ = {
			isa = PBXGroup;
			children = (
				CBDC85E51B842E36000F8176 /* TimeMovie.app */,
				CBDC85FE1B842E37000F8176 /* TimeMovieTests.xctest */,
			);
			name = Products;
			sourceTree = "<group>";
		};
		CBDC85E71B842E36000F8176 /* TimeMovie */ = {
			isa = PBXGroup;
			children = (
				CBDC85EC1B842E36000F8176 /* AppDelegate.h */,
				CBDC85ED1B842E36000F8176 /* AppDelegate.m */,
				CBDC85EF1B842E36000F8176 /* ViewController.h */,
				CBDC85F01B842E36000F8176 /* ViewController.m */,
				CBDC85F21B842E36000F8176 /* Main.storyboard */,
				CBDC85F51B842E37000F8176 /* Images.xcassets */,
				CBDC85F71B842E37000F8176 /* LaunchScreen.xib */,
				CBDC85E81B842E36000F8176 /* Supporting Files */,
			);
			path = TimeMovie;
			sourceTree = "<group>";
		};
		CBDC85E81B842E36000F8176 /* Supporting Files */ = {
			isa = PBXGroup;
			children = (
				CBDC85E91B842E36000F8176 /* Info.plist */,
				CBDC85EA1B842E36000F8176 /* main.m */,
			);
			name = "Supporting Files";
			sourceTree = "<group>";
		};
		CBDC86011B842E37000F8176 /* TimeMovieTests */ = {
			isa = PBXGroup;
			children = (
				CBDC86041B842E37000F8176 /* TimeMovieTests.m */,
				CBDC86021B842E37000F8176 /* Supporting Files */,
			);
			path = TimeMovieTests;
			sourceTree = "<group>";
		};
		CBDC86021B842E37000F8176 /* Supporting Files */ = {
			isa = PBXGroup;
			children = (
				CBDC86031B842E37000F8176 /* Info.plist */,
			);
			name = "Supporting Files";
			sourceTree = "<group>";
		};
/* End PBXGroup section */

/* Begin PBXNativeTarget section */
		CBDC85E41B842E36000F8176 /* TimeMovie */ = {
			isa = PBXNativeTarget;
			buildConfigurationList = CBDC86081B842E37000F8176 /* Build configuration list for PBXNativeTarget "TimeMovie" */;
			buildPhases = (
				CBDC85E11B842E36000F8176 /* Sources */,
				CBDC85E21B842E36000F8176 /* Frameworks */,
				CBDC85E31B842E36000F8176 /* Resources */,
			);
			buildRules = (
			);
			dependencies = (
			);
			name = TimeMovie;
			productName = TimeMovie;
			productReference = CBDC85E51B842E36000F8176 /* TimeMovie.app */;
			productType = "com.apple.product-type.application";
		};
		CBDC85FD1B842E37000F8176 /* TimeMovieTests */ = {
			isa = PBXNativeTarget;
			buildConfigurationList = CBDC860B1B842E37000F8176 /* Build configuration list for PBXNativeTarget "TimeMovieTests" */;
			buildPhases = (
				CBDC85FA1B842E37000F8176 /* Sources */,
				CBDC85FB1B842E37000F8176 /* Frameworks */,
				CBDC85FC1B842E37000F8176 /* Resources */,
			);
			buildRules = (
			);
			dependencies = (
				CBDC86001B842E37000F8176 /* PBXTargetDependency */,
			);
			name = TimeMovieTests;
			productName = TimeMovieTests;
			productReference = CBDC85FE1B842E37000F8176 /* TimeMovieTests.xctest */;
			productType = "com.apple.product-type.bundle.unit-test";
		};
/* End PBXNativeTarget section */

/* Begin PBXProject section */
		CBDC85DD1B842E36000F8176 /* Project object */ = {
			isa = PBXProject;
			attributes = {
				LastUpgradeCheck = 0640;
				ORGANIZATIONNAME = huiwenjiaoyu;
				TargetAttributes = {
					CBDC85E41B842E36000F8176 = {
						CreatedOnToolsVersion = 6.4;
					};
					CBDC85FD1B842E37000F8176 = {
						CreatedOnToolsVersion = 6.4;
						TestTargetID = CBDC85E41B842E36000F8176;
					};
				};
			};
			buildConfigurationList = CBDC85E01B842E36000F8176 /* Build configuration list for PBXProject "TimeMovie" */;
			compatibilityVersion = "Xcode 3.2";
			developmentRegion = English;
			hasScannedForEncodings = 0;
			knownRegions = (
				en,
				Base,
			);
			mainGroup = CBDC85DC1B842E36000F8176;
			productRefGroup = CBDC85E61B842E36000F8176 /* Products */;
			projectDirPath = "";
			projectRoot = "";
			targets = (
				CBDC85E41B842E36000F8176 /* TimeMovie */,
				CBDC85FD1B842E37000F8176 /* TimeMovieTests */,
			);
		};
/* End PBXProject section */

/* Begin PBXResourcesBuildPhase section */
		CBDC85E31B842E36000F8176 /* Resources */ = {
			isa = PBXResourcesBuildPhase;
			buildActionMask = 2147483647;
			files = (
				CBDC85F41B842E36000F8176 /* Main.storyboard in Resources */,
				CBDC85F91B842E37000F8176 /* LaunchScreen.xib in Resources */,
				CBDC85F61B842E37000F8176 /* Images.xcassets in Resources */,
			);
			runOnlyForDeploymentPostprocessing = 0;
		};
		CBDC85FC1B842E37000F8176 /* Resources */ = {
			isa = PBXResourcesBuildPhase;
			buildActionMask = 2147483647;
			files = (
			);
			runOnlyForDeploymentPostprocessing = 0;
		};
/* End PBXResourcesBuildPhase section */

/* Begin PBXSourcesBuildPhase section */
		CBDC85E11B842E36000F8176 /* Sources */ = {
			isa = PBXSourcesBuildPhase;
			buildActionMask = 2147483647;
			files = (
				CBDC85F11B842E36000F8176 /* ViewController.m in Sources */,
				CBDC85EE1B842E36000F8176 /* AppDelegate.m in Sources */,
				CBDC85EB1B842E36000F8176 /* main.m in Sources */,
			);
			runOnlyForDeploymentPostprocessing = 0;
		};
		CBDC85FA1B842E37000F8176 /* Sources */ = {
			isa = PBXSourcesBuildPhase;
			buildActionMask = 2147483647;
			files = (
				CBDC86051B842E37000F8176 /* TimeMovieTests.m in Sources */,
			);
			runOnlyForDeploymentPostprocessing = 0;
		};
/* End PBXSourcesBuildPhase section */

/* Begin PBXTargetDependency section */
		CBDC86001B842E37000F8176 /* PBXTargetDependency */ = {
			isa = PBXTargetDependency;
			target = CBDC85E41B842E36000F8176 /* TimeMovie */;
			targetProxy = CBDC85FF1B842E37000F8176 /* PBXContainerItemProxy */;
		};
/* End PBXTargetDependency section */

/* Begin PBXVariantGroup section */
		CBDC85F21B842E36000F8176 /* Main.storyboard */ = {
			isa = PBXVariantGroup;
			children = (
				CBDC85F31B842E36000F8176 /* Base */,
			);
			name = Main.storyboard;
			sourceTree = "<group>";
		};
		CBDC85F71B842E37000F8176 /* LaunchScreen.xib */ = {
			isa = PBXVariantGroup;
			children = (
				CBDC85F81B842E37000F8176 /* Base */,
			);
			name = LaunchScreen.xib;
			sourceTree = "<group>";
		};
/* End PBXVariantGroup section */

/* Begin XCBuildConfiguration section */
		CBDC86061B842E37000F8176 /* Debug */ = {
			isa = XCBuildConfiguration;
			buildSettings = {
				ALWAYS_SEARCH_USER_PATHS = NO;
				CLANG_CXX_LANGUAGE_STANDARD = "gnu++0x";
				CLANG_CXX_LIBRARY = "libc++";
				CLANG_ENABLE_MODULES = YES;
				CLANG_ENABLE_OBJC_ARC = YES;
				CLANG_WARN_BOOL_CONVERSION = YES;
				CLANG_WARN_CONSTANT_CONVERSION = YES;
				CLANG_WARN_DIRECT_OBJC_ISA_USAGE = YES_ERROR;
				CLANG_WARN_EMPTY_BODY = YES;
				CLANG_WARN_ENUM_CONVERSION = YES;
				CLANG_WARN_INT_CONVERSION = YES;
				CLANG_WARN_OBJC_ROOT_CLASS = YES_ERROR;
				CLANG_WARN_UNREACHABLE_CODE = YES;
				CLANG_WARN__DUPLICATE_METHOD_MATCH = YES;
				"CODE_SIGN_IDENTITY[sdk=iphoneos*]" = "iPhone Developer";
				COPY_PHASE_STRIP = NO;
				DEBUG_INFORMATION_FORMAT = "dwarf-with-dsym";
				ENABLE_STRICT_OBJC_MSGSEND = YES;
				GCC_C_LANGUAGE_STANDARD = gnu99;
				GCC_DYNAMIC_NO_PIC = NO;
				GCC_NO_COMMON_BLOCKS = YES;
				GCC_OPTIMIZATION_LEVEL = 0;
				GCC_PREPROCESSOR_DEFINITIONS = (
					"DEBUG=1",
					"$(inherited)",
				);
				GCC_SYMBOLS_PRIVATE_EXTERN = NO;
				GCC_WARN_64_TO_32_BIT_CONVERSION = YES;
				GCC_WARN_ABOUT_RETURN_TYPE = YES_ERROR;
				GCC_WARN_UNDECLARED_SELECTOR = YES;
				GCC_WARN_UNINITIALIZED_AUTOS = YES_AGGRESSIVE;
				GCC_WARN_UNUSED_FUNCTION = YES;
				GCC_WARN_UNUSED_VARIABLE = YES;
				IPHONEOS_DEPLOYMENT_TARGET = 8.4;
				MTL_ENABLE_DEBUG_INFO = YES;
				ONLY_ACTIVE_ARCH = YES;
				SDKROOT = iphoneos;
			};
			name = Debug;
		};
		CBDC86071B842E37000F8176 /* Release */ = {
			isa = XCBuildConfiguration;
			buildSettings = {
				ALWAYS_SEARCH_USER_PATHS = NO;
				CLANG_CXX_LANGUAGE_STANDARD = "gnu++0x";
				CLANG_CXX_LIBRARY = "libc++";
				CLANG_ENABLE_MODULES = YES;
				CLANG_ENABLE_OBJC_ARC = YES;
				CLANG_WARN_BOOL_CONVERSION = YES;
				CLANG_WARN_CONSTANT_CONVERSION = YES;
				CLANG_WARN_DIRECT_OBJC_ISA_USAGE = YES_ERROR;
				CLANG_WARN_EMPTY_BODY = YES;
				CLANG_WARN_ENUM_CONVERSION = YES;
				CLANG_WARN_INT_CONVERSION = YES;
				CLANG_WARN_OBJC_ROOT_CLASS = YES_ERROR;
				CLANG_WARN_UNREACHABLE_CODE = YES;
				CLANG_WARN__DUPLICATE_METHOD_MATCH = YES;
				"CODE_SIGN_IDENTITY[sdk=iphoneos*]" = "iPhone Developer";
				COPY_PHASE_STRIP = NO;
				DEBUG_INFORMATION_FORMAT = "dwarf-with-dsym";
				ENABLE_NS_ASSERTIONS = NO;
				ENABLE_STRICT_OBJC_MSGSEND = YES;
				GCC_C_LANGUAGE_STANDARD = gnu99;
				GCC_NO_COMMON_BLOCKS = YES;
				GCC_WARN_64_TO_32_BIT_CONVERSION = YES;
				GCC_WARN_ABOUT_RETURN_TYPE = YES_ERROR;
				GCC_WARN_UNDECLARED_SELECTOR = YES;
				GCC_WARN_UNINITIALIZED_AUTOS = YES_AGGRESSIVE;
				GCC_WARN_UNUSED_FUNCTION = YES;
				GCC_WARN_UNUSED_VARIABLE = YES;
				IPHONEOS_DEPLOYMENT_TARGET = 8.4;
				MTL_ENABLE_DEBUG_INFO = NO;
				SDKROOT = iphoneos;
				VALIDATE_PRODUCT = YES;
			};
			name = Release;
		};
		CBDC86091B842E37000F8176 /* Debug */ = {
			isa = XCBuildConfiguration;
			buildSettings = {
				ASSETCATALOG_COMPILER_APPICON_NAME = AppIcon;
				INFOPLIST_FILE = TimeMovie/Info.plist;
				LD_RUNPATH_SEARCH_PATHS = "$(inherited) @executable_path/Frameworks";
				PRODUCT_NAME = "$(TARGET_NAME)";
			};
			name = Debug;
		};
		CBDC860A1B842E37000F8176 /* Release */ = {
			isa = XCBuildConfiguration;
			buildSettings = {
				ASSETCATALOG_COMPILER_APPICON_NAME = AppIcon;
				INFOPLIST_FILE = TimeMovie/Info.plist;
				LD_RUNPATH_SEARCH_PATHS = "$(inherited) @executable_path/Frameworks";
				PRODUCT_NAME = "$(TARGET_NAME)";
			};
			name = Release;
		};
		CBDC860C1B842E37000F8176 /* Debug */ = {
			isa = XCBuildConfiguration;
			buildSettings = {
				BUNDLE_LOADER = "$(TEST_HOST)";
				FRAMEWORK_SEARCH_PATHS = (
					"$(SDKROOT)/Developer/Library/Frameworks",
					"$(inherited)",
				);
				GCC_PREPROCESSOR_DEFINITIONS = (
					"DEBUG=1",
					"$(inherited)",
				);
				INFOPLIST_FILE = TimeMovieTests/Info.plist;
				LD_RUNPATH_SEARCH_PATHS = "$(inherited) @executable_path/Frameworks @loader_path/Frameworks";
				PRODUCT_NAME = "$(TARGET_NAME)";
				TEST_HOST = "$(BUILT_PRODUCTS_DIR)/TimeMovie.app/TimeMovie";
			};
			name = Debug;
		};
		CBDC860D1B842E37000F8176 /* Release */ = {
			isa = XCBuildConfiguration;
			buildSettings = {
				BUNDLE_LOADER = "$(TEST_HOST)";
				FRAMEWORK_SEARCH_PATHS = (
					"$(SDKROOT)/Developer/Library/Frameworks",
					"$(inherited)",
				);
				INFOPLIST_FILE = TimeMovieTests/Info.plist;
				LD_RUNPATH_SEARCH_PATHS = "$(inherited) @executable_path/Frameworks @loader_path/Frameworks";
				PRODUCT_NAME = "$(TARGET_NAME)";
				TEST_HOST = "$(BUILT_PRODUCTS_DIR)/TimeMovie.app/TimeMovie";
			};
			name = Release;
		};
/* End XCBuildConfiguration section */

/* Begin XCConfigurationList section */
		CBDC85E01B842E36000F8176 /* Build configuration list for PBXProject "TimeMovie" */ = {
			isa = XCConfigurationList;
			buildConfigurations = (
				CBDC86061B842E37000F8176 /* Debug */,
				CBDC86071B842E37000F8176 /* Release */,
			);
			defaultConfigurationIsVisible = 0;
			defaultConfigurationName = Release;
		};
		CBDC86081B842E37000F8176 /* Build configuration list for PBXNativeTarget "TimeMovie" */ = {
			isa = XCConfigurationList;
			buildConfigurations = (
				CBDC86091B842E37000F8176 /* Debug */,
				CBDC860A1B842E37000F8176 /* Release */,
			);
			defaultConfigurationIsVisible = 0;
		};
		CBDC860B1B842E37000F8176 /* Build configuration list for PBXNativeTarget "TimeMovieTests" */ = {
			isa = XCConfigurationList;
			buildConfigurations = (
				CBDC860C1B842E37000F8176 /* Debug */,
				CBDC860D1B842E37000F8176 /* Release */,
			);
			defaultConfigurationIsVisible = 0;
		};
/* End XCConfigurationList section */
	};
	rootObject = CBDC85DD1B842E36000F8176 /* Project object */;
}
